
Microsoft Visual Studio Solution File, Format Version 12.00
# Visual Studio 15
VisualStudioVersion = 15.0.26730.12
MinimumVisualStudioVersion = 10.0.40219.1
Project("{9A19103F-16F7-4668-BE54-9A1E7A4F7556}") = "CommonNetwork461", "CommonNetwork\CommonNetwork461.csproj", "{35C0D430-1C19-4DBC-81CA-07CE4C53A170}"
EndProject
Project("{9A19103F-16F7-4668-BE54-9A1E7A4F7556}") = "CommonLibs461", "CommonLibs\CommonLibs461.csproj", "{873B1024-DBB8-4CA6-B2E8-EE0DC685BC5B}"
EndProject
Global
	GlobalSection(SolutionConfigurationPlatforms) = preSolution
		Debug|Any CPU = Debug|Any CPU
		Release|Any CPU = Release|Any CPU
	EndGlobalSection
	GlobalSection(ProjectConfigurationPlatforms) = postSolution
		{35C0D430-1C19-4DBC-81CA-07CE4C53A170}.Debug|Any CPU.ActiveCfg = Debug|Any CPU
		{35C0D430-1C19-4DBC-81CA-07CE4C53A170}.Debug|Any CPU.Build.0 = Debug|Any CPU
		{35C0D430-1C19-4DBC-81CA-07CE4C53A170}.Release|Any CPU.ActiveCfg = Release|Any CPU
		{35C0D430-1C19-4DBC-81CA-07CE4C53A170}.Release|Any CPU.Build.0 = Release|Any CPU
		{873B1024-DBB8-4CA6-B2E8-EE0DC685BC5B}.Debug|Any CPU.ActiveCfg = Debug|Any CPU
		{873B1024-DBB8-4CA6-B2E8-EE0DC685BC5B}.Debug|Any CPU.Build.0 = Debug|Any CPU
		{873B1024-DBB8-4CA6-B2E8-EE0DC685BC5B}.Release|Any CPU.ActiveCfg = Release|Any CPU
		{873B1024-DBB8-4CA6-B2E8-EE0DC685BC5B}.Release|Any CPU.Build.0 = Release|Any CPU
	EndGlobalSection
	GlobalSection(SolutionProperties) = preSolution
		HideSolutionNode = FALSE
	EndGlobalSection
	GlobalSection(ExtensibilityGlobals) = postSolution
		SolutionGuid = {C8994861-3235-4231-A712-949C6C5C7953}
	EndGlobalSection
EndGlobal
